
Microsoft Visual Studio Solution File, Format Version 12.00
# Visual Studio 15
VisualStudioVersion = 15.0.28307.1209
MinimumVisualStudioVersion = 10.0.40219.1
Project("{8BC9CEB8-8B4A-11D0-8D11-00A0C91BC942}") = "pint-size-packer", "pint-size-packer\pint-size-packer.vcxproj", "{2601845F-21F7-4296-AEE9-AC0843D90607}"
EndProject
Global
	GlobalSection(SolutionConfigurationPlatforms) = preSolution
		Debug|x64 = Debug|x64
		Debug|x86 = Debug|x86
		Release|x64 = Release|x64
		Release|x86 = Release|x86
	EndGlobalSection
	GlobalSection(ProjectConfigurationPlatforms) = postSolution
		{2601845F-21F7-4296-AEE9-AC0843D90607}.Debug|x64.ActiveCfg = Debug|x64
		{2601845F-21F7-4296-AEE9-AC0843D90607}.Debug|x64.Build.0 = Debug|x64
		{2601845F-21F7-4296-AEE9-AC0843D90607}.Debug|x86.ActiveCfg = Debug|Win32
		{2601845F-21F7-4296-AEE9-AC0843D90607}.Debug|x86.Build.0 = Debug|Win32
		{2601845F-21F7-4296-AEE9-AC0843D90607}.Release|x64.ActiveCfg = Release|x64
		{2601845F-21F7-4296-AEE9-AC0843D90607}.Release|x64.Build.0 = Release|x64
		{2601845F-21F7-4296-AEE9-AC0843D90607}.Release|x86.ActiveCfg = Release|Win32
		{2601845F-21F7-4296-AEE9-AC0843D90607}.Release|x86.Build.0 = Release|Win32
	EndGlobalSection
	GlobalSection(SolutionProperties) = preSolution
		HideSolutionNode = FALSE
	EndGlobalSection
	GlobalSection(ExtensibilityGlobals) = postSolution
		SolutionGuid = {5F7A5C13-A34C-41B9-97A1-95E6D07E3BD4}
	EndGlobalSection
EndGlobal
